
Microsoft Visual Studio Solution File, Format Version 12.00
# Visual Studio 15
Project("{FAE04EC0-301F-11D3-BF4B-00C04F79EFBC}") = "EarOnHands", "Assembly-CSharp.csproj", "{3B70A5D4-E52B-DCA2-CC0C-2A043806ACDB}"
EndProject
Project("{FAE04EC0-301F-11D3-BF4B-00C04F79EFBC}") = "EarOnHands", "Assembly-CSharp-Editor.csproj", "{76C9FAD6-0162-ECCF-C6AF-234B8738F033}"
EndProject
Global
	GlobalSection(SolutionConfigurationPlatforms) = preSolution
		Debug|Any CPU = Debug|Any CPU
		Release|Any CPU = Release|Any CPU
	EndGlobalSection
	GlobalSection(ProjectConfigurationPlatforms) = postSolution
		{3B70A5D4-E52B-DCA2-CC0C-2A043806ACDB}.Debug|Any CPU.ActiveCfg = Debug|Any CPU
		{3B70A5D4-E52B-DCA2-CC0C-2A043806ACDB}.Debug|Any CPU.Build.0 = Debug|Any CPU
		{3B70A5D4-E52B-DCA2-CC0C-2A043806ACDB}.Release|Any CPU.ActiveCfg = Release|Any CPU
		{3B70A5D4-E52B-DCA2-CC0C-2A043806ACDB}.Release|Any CPU.Build.0 = Release|Any CPU
		{76C9FAD6-0162-ECCF-C6AF-234B8738F033}.Debug|Any CPU.ActiveCfg = Debug|Any CPU
		{76C9FAD6-0162-ECCF-C6AF-234B8738F033}.Debug|Any CPU.Build.0 = Debug|Any CPU
		{76C9FAD6-0162-ECCF-C6AF-234B8738F033}.Release|Any CPU.ActiveCfg = Release|Any CPU
		{76C9FAD6-0162-ECCF-C6AF-234B8738F033}.Release|Any CPU.Build.0 = Release|Any CPU
	EndGlobalSection
	GlobalSection(SolutionProperties) = preSolution
		HideSolutionNode = FALSE
	EndGlobalSection
EndGlobal
